
Microsoft Visual Studio Solution File, Format Version 12.00
# Visual Studio Version 17
VisualStudioVersion = 17.2.32630.192
MinimumVisualStudioVersion = 10.0.40219.1
Project("{FAE04EC0-301F-11D3-BF4B-00C04F79EFBC}") = "CoderHouse", "CoderHouse\CoderHouse.csproj", "{B90F211F-E69B-4F28-A926-528EC2583203}"
EndProject
Global
	GlobalSection(SolutionConfigurationPlatforms) = preSolution
		Debug|Any CPU = Debug|Any CPU
		Release|Any CPU = Release|Any CPU
	EndGlobalSection
	GlobalSection(ProjectConfigurationPlatforms) = postSolution
		{B90F211F-E69B-4F28-A926-528EC2583203}.Debug|Any CPU.ActiveCfg = Debug|Any CPU
		{B90F211F-E69B-4F28-A926-528EC2583203}.Debug|Any CPU.Build.0 = Debug|Any CPU
		{B90F211F-E69B-4F28-A926-528EC2583203}.Release|Any CPU.ActiveCfg = Release|Any CPU
		{B90F211F-E69B-4F28-A926-528EC2583203}.Release|Any CPU.Build.0 = Release|Any CPU
	EndGlobalSection
	GlobalSection(SolutionProperties) = preSolution
		HideSolutionNode = FALSE
	EndGlobalSection
	GlobalSection(ExtensibilityGlobals) = postSolution
		SolutionGuid = {B3C7BFC8-6808-4655-A10F-A05A4AD1EBDC}
	EndGlobalSection
EndGlobal
